
Microsoft Visual Studio Solution File, Format Version 12.00
# Visual Studio 15
VisualStudioVersion = 15.0.27004.2009
MinimumVisualStudioVersion = 10.0.40219.1
Project("{FAE04EC0-301F-11D3-BF4B-00C04F79EFBC}") = "02_ReverseString", "ReverseString\02_ReverseString.csproj", "{132191B2-A38B-4E6C-ABAC-E952A95E5F4C}"
EndProject
Project("{FAE04EC0-301F-11D3-BF4B-00C04F79EFBC}") = "03_CorrectBrackets", "CorrectBrackets\03_CorrectBrackets.csproj", "{72E01DC2-3ECA-48F8-B6E6-D0FD89ECD186}"
EndProject
Project("{FAE04EC0-301F-11D3-BF4B-00C04F79EFBC}") = "04_SubstringInAText", "SubstringInAText\04_SubstringInAText.csproj", "{C0014AB3-7B92-486F-A173-680C2156CD73}"
EndProject
Project("{FAE04EC0-301F-11D3-BF4B-00C04F79EFBC}") = "06_StringLength", "StringLength\06_StringLength.csproj", "{30CB3B77-DF6C-4626-B0D7-C373F755CB5A}"
EndProject
Project("{FAE04EC0-301F-11D3-BF4B-00C04F79EFBC}") = "08_ExtractSentences", "ExtractSentences2\08_ExtractSentences.csproj", "{D4316B9A-0DBB-480B-B3D5-44E17A8B0A5C}"
EndProject
Project("{FAE04EC0-301F-11D3-BF4B-00C04F79EFBC}") = "10_UnicodeCharacters", "UnicodeCharacters\10_UnicodeCharacters.csproj", "{52ED3077-8984-4095-9F6E-95AF4FB6FC9F}"
EndProject
Project("{FAE04EC0-301F-11D3-BF4B-00C04F79EFBC}") = "12_ParseURL", "ParseURL\12_ParseURL.csproj", "{28B3714B-CF7C-4521-90C1-666B2DEA4E38}"
EndProject
Project("{FAE04EC0-301F-11D3-BF4B-00C04F79EFBC}") = "23_SeriesOfLetters", "SeriesOfLetters\23_SeriesOfLetters.csproj", "{3BA8C403-703C-4214-83A5-9B78A04368C2}"
EndProject
Project("{FAE04EC0-301F-11D3-BF4B-00C04F79EFBC}") = "05_ParseTagsNew", "ParseTagsNew\05_ParseTagsNew.csproj", "{710328B3-6822-43E1-A460-69F448E199EF}"
EndProject
Project("{FAE04EC0-301F-11D3-BF4B-00C04F79EFBC}") = "15_ReplaceTagsNew", "ReplaceTagsNew\15_ReplaceTagsNew.csproj", "{1C1D8D2A-AE31-4248-A542-33ACF6CD7CAA}"
EndProject
Project("{FAE04EC0-301F-11D3-BF4B-00C04F79EFBC}") = "08_ExtractSentencesNew", "ExtractSentencesNew\08_ExtractSentencesNew.csproj", "{226EE556-ADA6-48E1-90EA-6D427B2D074B}"
EndProject
Global
	GlobalSection(SolutionConfigurationPlatforms) = preSolution
		Debug|Any CPU = Debug|Any CPU
		Release|Any CPU = Release|Any CPU
	EndGlobalSection
	GlobalSection(ProjectConfigurationPlatforms) = postSolution
		{132191B2-A38B-4E6C-ABAC-E952A95E5F4C}.Debug|Any CPU.ActiveCfg = Debug|Any CPU
		{132191B2-A38B-4E6C-ABAC-E952A95E5F4C}.Debug|Any CPU.Build.0 = Debug|Any CPU
		{132191B2-A38B-4E6C-ABAC-E952A95E5F4C}.Release|Any CPU.ActiveCfg = Release|Any CPU
		{132191B2-A38B-4E6C-ABAC-E952A95E5F4C}.Release|Any CPU.Build.0 = Release|Any CPU
		{72E01DC2-3ECA-48F8-B6E6-D0FD89ECD186}.Debug|Any CPU.ActiveCfg = Debug|Any CPU
		{72E01DC2-3ECA-48F8-B6E6-D0FD89ECD186}.Debug|Any CPU.Build.0 = Debug|Any CPU
		{72E01DC2-3ECA-48F8-B6E6-D0FD89ECD186}.Release|Any CPU.ActiveCfg = Release|Any CPU
		{72E01DC2-3ECA-48F8-B6E6-D0FD89ECD186}.Release|Any CPU.Build.0 = Release|Any CPU
		{C0014AB3-7B92-486F-A173-680C2156CD73}.Debug|Any CPU.ActiveCfg = Debug|Any CPU
		{C0014AB3-7B92-486F-A173-680C2156CD73}.Debug|Any CPU.Build.0 = Debug|Any CPU
		{C0014AB3-7B92-486F-A173-680C2156CD73}.Release|Any CPU.ActiveCfg = Release|Any CPU
		{C0014AB3-7B92-486F-A173-680C2156CD73}.Release|Any CPU.Build.0 = Release|Any CPU
		{30CB3B77-DF6C-4626-B0D7-C373F755CB5A}.Debug|Any CPU.ActiveCfg = Debug|Any CPU
		{30CB3B77-DF6C-4626-B0D7-C373F755CB5A}.Debug|Any CPU.Build.0 = Debug|Any CPU
		{30CB3B77-DF6C-4626-B0D7-C373F755CB5A}.Release|Any CPU.ActiveCfg = Release|Any CPU
		{30CB3B77-DF6C-4626-B0D7-C373F755CB5A}.Release|Any CPU.Build.0 = Release|Any CPU
		{D4316B9A-0DBB-480B-B3D5-44E17A8B0A5C}.Debug|Any CPU.ActiveCfg = Debug|Any CPU
		{D4316B9A-0DBB-480B-B3D5-44E17A8B0A5C}.Debug|Any CPU.Build.0 = Debug|Any CPU
		{D4316B9A-0DBB-480B-B3D5-44E17A8B0A5C}.Release|Any CPU.ActiveCfg = Release|Any CPU
		{D4316B9A-0DBB-480B-B3D5-44E17A8B0A5C}.Release|Any CPU.Build.0 = Release|Any CPU
		{52ED3077-8984-4095-9F6E-95AF4FB6FC9F}.Debug|Any CPU.ActiveCfg = Debug|Any CPU
		{52ED3077-8984-4095-9F6E-95AF4FB6FC9F}.Debug|Any CPU.Build.0 = Debug|Any CPU
		{52ED3077-8984-4095-9F6E-95AF4FB6FC9F}.Release|Any CPU.ActiveCfg = Release|Any CPU
		{52ED3077-8984-4095-9F6E-95AF4FB6FC9F}.Release|Any CPU.Build.0 = Release|Any CPU
		{28B3714B-CF7C-4521-90C1-666B2DEA4E38}.Debug|Any CPU.ActiveCfg = Debug|Any CPU
		{28B3714B-CF7C-4521-90C1-666B2DEA4E38}.Debug|Any CPU.Build.0 = Debug|Any CPU
		{28B3714B-CF7C-4521-90C1-666B2DEA4E38}.Release|Any CPU.ActiveCfg = Release|Any CPU
		{28B3714B-CF7C-4521-90C1-666B2DEA4E38}.Release|Any CPU.Build.0 = Release|Any CPU
		{3BA8C403-703C-4214-83A5-9B78A04368C2}.Debug|Any CPU.ActiveCfg = Debug|Any CPU
		{3BA8C403-703C-4214-83A5-9B78A04368C2}.Debug|Any CPU.Build.0 = Debug|Any CPU
		{3BA8C403-703C-4214-83A5-9B78A04368C2}.Release|Any CPU.ActiveCfg = Release|Any CPU
		{3BA8C403-703C-4214-83A5-9B78A04368C2}.Release|Any CPU.Build.0 = Release|Any CPU
		{710328B3-6822-43E1-A460-69F448E199EF}.Debug|Any CPU.ActiveCfg = Debug|Any CPU
		{710328B3-6822-43E1-A460-69F448E199EF}.Debug|Any CPU.Build.0 = Debug|Any CPU
		{710328B3-6822-43E1-A460-69F448E199EF}.Release|Any CPU.ActiveCfg = Release|Any CPU
		{710328B3-6822-43E1-A460-69F448E199EF}.Release|Any CPU.Build.0 = Release|Any CPU
		{1C1D8D2A-AE31-4248-A542-33ACF6CD7CAA}.Debug|Any CPU.ActiveCfg = Debug|Any CPU
		{1C1D8D2A-AE31-4248-A542-33ACF6CD7CAA}.Debug|Any CPU.Build.0 = Debug|Any CPU
		{1C1D8D2A-AE31-4248-A542-33ACF6CD7CAA}.Release|Any CPU.ActiveCfg = Release|Any CPU
		{1C1D8D2A-AE31-4248-A542-33ACF6CD7CAA}.Release|Any CPU.Build.0 = Release|Any CPU
		{226EE556-ADA6-48E1-90EA-6D427B2D074B}.Debug|Any CPU.ActiveCfg = Debug|Any CPU
		{226EE556-ADA6-48E1-90EA-6D427B2D074B}.Debug|Any CPU.Build.0 = Debug|Any CPU
		{226EE556-ADA6-48E1-90EA-6D427B2D074B}.Release|Any CPU.ActiveCfg = Release|Any CPU
		{226EE556-ADA6-48E1-90EA-6D427B2D074B}.Release|Any CPU.Build.0 = Release|Any CPU
	EndGlobalSection
	GlobalSection(SolutionProperties) = preSolution
		HideSolutionNode = FALSE
	EndGlobalSection
	GlobalSection(ExtensibilityGlobals) = postSolution
		SolutionGuid = {50C4BE4D-15B5-44B2-9AF9-103D21583AEC}
	EndGlobalSection
EndGlobal
